
Microsoft Visual Studio Solution File, Format Version 12.00
# Visual Studio 15
VisualStudioVersion = 15.0.28307.757
MinimumVisualStudioVersion = 10.0.40219.1
Project("{9A19103F-16F7-4668-BE54-9A1E7A4F7556}") = "IreckonuShop.API", "src\IreckonuShop.API\IreckonuShop.API.csproj", "{760F8D7B-4CB2-4202-A341-2BCC1FC9F77A}"
EndProject
Project("{FAE04EC0-301F-11D3-BF4B-00C04F79EFBC}") = "IreckonuShop.Domain", "src\IreckonuShop.Domain\IreckonuShop.Domain.csproj", "{15B237BE-33D6-40A2-95DF-B2B7EAE5FEAD}"
EndProject
Project("{FAE04EC0-301F-11D3-BF4B-00C04F79EFBC}") = "IreckonuShop.BusinessLogic", "src\IreckonuShop.BusinessLogic\IreckonuShop.BusinessLogic.csproj", "{E54805A6-B028-486A-9CFC-A37EA86DA8C7}"
EndProject
Project("{FAE04EC0-301F-11D3-BF4B-00C04F79EFBC}") = "IreckonuShop.PersistenceLayer.Relational", "src\IreckonuShop.PersistenceLayer.Relational\IreckonuShop.PersistenceLayer.Relational.csproj", "{4DCD92B9-445D-4B28-BDAF-7871AB9ACC31}"
EndProject
Project("{FAE04EC0-301F-11D3-BF4B-00C04F79EFBC}") = "IreckonuShop.FileSystem", "src\IreckonuShop.FileSystem\IreckonuShop.FileSystem.csproj", "{4CD0D28D-37E0-4494-8CDB-AC3DB4AFDE22}"
EndProject
Global
	GlobalSection(SolutionConfigurationPlatforms) = preSolution
		Debug|Any CPU = Debug|Any CPU
		Release|Any CPU = Release|Any CPU
	EndGlobalSection
	GlobalSection(ProjectConfigurationPlatforms) = postSolution
		{760F8D7B-4CB2-4202-A341-2BCC1FC9F77A}.Debug|Any CPU.ActiveCfg = Debug|Any CPU
		{760F8D7B-4CB2-4202-A341-2BCC1FC9F77A}.Debug|Any CPU.Build.0 = Debug|Any CPU
		{760F8D7B-4CB2-4202-A341-2BCC1FC9F77A}.Release|Any CPU.ActiveCfg = Release|Any CPU
		{760F8D7B-4CB2-4202-A341-2BCC1FC9F77A}.Release|Any CPU.Build.0 = Release|Any CPU
		{15B237BE-33D6-40A2-95DF-B2B7EAE5FEAD}.Debug|Any CPU.ActiveCfg = Debug|Any CPU
		{15B237BE-33D6-40A2-95DF-B2B7EAE5FEAD}.Debug|Any CPU.Build.0 = Debug|Any CPU
		{15B237BE-33D6-40A2-95DF-B2B7EAE5FEAD}.Release|Any CPU.ActiveCfg = Release|Any CPU
		{15B237BE-33D6-40A2-95DF-B2B7EAE5FEAD}.Release|Any CPU.Build.0 = Release|Any CPU
		{E54805A6-B028-486A-9CFC-A37EA86DA8C7}.Debug|Any CPU.ActiveCfg = Debug|Any CPU
		{E54805A6-B028-486A-9CFC-A37EA86DA8C7}.Debug|Any CPU.Build.0 = Debug|Any CPU
		{E54805A6-B028-486A-9CFC-A37EA86DA8C7}.Release|Any CPU.ActiveCfg = Release|Any CPU
		{E54805A6-B028-486A-9CFC-A37EA86DA8C7}.Release|Any CPU.Build.0 = Release|Any CPU
		{4DCD92B9-445D-4B28-BDAF-7871AB9ACC31}.Debug|Any CPU.ActiveCfg = Debug|Any CPU
		{4DCD92B9-445D-4B28-BDAF-7871AB9ACC31}.Debug|Any CPU.Build.0 = Debug|Any CPU
		{4DCD92B9-445D-4B28-BDAF-7871AB9ACC31}.Release|Any CPU.ActiveCfg = Release|Any CPU
		{4DCD92B9-445D-4B28-BDAF-7871AB9ACC31}.Release|Any CPU.Build.0 = Release|Any CPU
		{4CD0D28D-37E0-4494-8CDB-AC3DB4AFDE22}.Debug|Any CPU.ActiveCfg = Debug|Any CPU
		{4CD0D28D-37E0-4494-8CDB-AC3DB4AFDE22}.Debug|Any CPU.Build.0 = Debug|Any CPU
		{4CD0D28D-37E0-4494-8CDB-AC3DB4AFDE22}.Release|Any CPU.ActiveCfg = Release|Any CPU
		{4CD0D28D-37E0-4494-8CDB-AC3DB4AFDE22}.Release|Any CPU.Build.0 = Release|Any CPU
	EndGlobalSection
	GlobalSection(SolutionProperties) = preSolution
		HideSolutionNode = FALSE
	EndGlobalSection
	GlobalSection(ExtensibilityGlobals) = postSolution
		SolutionGuid = {BA591191-4F2C-464F-B43C-654ED4727EC5}
	EndGlobalSection
EndGlobal
